
Microsoft Visual Studio Solution File, Format Version 12.00
# Visual Studio Version 17
VisualStudioVersion = 17.1.32407.343
MinimumVisualStudioVersion = 10.0.40219.1
Project("{FAE04EC0-301F-11D3-BF4B-00C04F79EFBC}") = "TicTacToe", "TicTacToe\TicTacToe.csproj", "{B71B88A2-08F7-4F34-B8C0-E8502397080A}"
EndProject
Global
	GlobalSection(SolutionConfigurationPlatforms) = preSolution
		Debug|Any CPU = Debug|Any CPU
		Release|Any CPU = Release|Any CPU
	EndGlobalSection
	GlobalSection(ProjectConfigurationPlatforms) = postSolution
		{B71B88A2-08F7-4F34-B8C0-E8502397080A}.Debug|Any CPU.ActiveCfg = Debug|Any CPU
		{B71B88A2-08F7-4F34-B8C0-E8502397080A}.Debug|Any CPU.Build.0 = Debug|Any CPU
		{B71B88A2-08F7-4F34-B8C0-E8502397080A}.Release|Any CPU.ActiveCfg = Release|Any CPU
		{B71B88A2-08F7-4F34-B8C0-E8502397080A}.Release|Any CPU.Build.0 = Release|Any CPU
	EndGlobalSection
	GlobalSection(SolutionProperties) = preSolution
		HideSolutionNode = FALSE
	EndGlobalSection
	GlobalSection(ExtensibilityGlobals) = postSolution
		SolutionGuid = {1668CA49-E1DB-4212-9B00-E48C59AFCE1C}
	EndGlobalSection
EndGlobal
